{
    "version": 3,
    "terraform_version": "0.11.7",
    "serial": 5,
    "lineage": "b549269b-995b-e1e4-89d9-9788dbc62f2f",
    "modules": [
        {
            "path": [
                "root"
            ],
            "outputs": {},
            "resources": {
                "aws_alb.nalla-debug-alb": {
                    "type": "aws_alb",
                    "depends_on": [],
                    "primary": {
                        "id": "arn:aws:elasticloadbalancing:us-east-2:671565055510:loadbalancer/app/nalla-debug-alb/cca36149ca61fcf0",
                        "attributes": {
                            "access_logs.#": "0",
                            "arn": "arn:aws:elasticloadbalancing:us-east-2:671565055510:loadbalancer/app/nalla-debug-alb/cca36149ca61fcf0",
                            "arn_suffix": "app/nalla-debug-alb/cca36149ca61fcf0",
                            "dns_name": "nalla-debug-alb-1147926528.us-east-2.elb.amazonaws.com",
                            "enable_deletion_protection": "false",
                            "enable_http2": "true",
                            "id": "arn:aws:elasticloadbalancing:us-east-2:671565055510:loadbalancer/app/nalla-debug-alb/cca36149ca61fcf0",
                            "idle_timeout": "60",
                            "internal": "false",
                            "ip_address_type": "ipv4",
                            "load_balancer_type": "application",
                            "name": "nalla-debug-alb",
                            "security_groups.#": "1",
                            "security_groups.3169910619": "sg-4e2f4826",
                            "subnet_mapping.#": "0",
                            "subnets.#": "3",
                            "subnets.1268303517": "subnet-5fa1fd24",
                            "subnets.1714234214": "subnet-9d6bf2d0",
                            "subnets.2547517014": "subnet-215d4348",
                            "tags.%": "0",
                            "vpc_id": "vpc-e2b8b68b",
                            "zone_id": "Z3AADJGX6KTTL2"
                        },
                        "meta": {
                            "e2bfb730-ecaa-11e6-8f88-34363bc7c4c0": {
                                "create": 600000000000,
                                "delete": 600000000000,
                                "update": 600000000000
                            }
                        },
                        "tainted": false
                    },
                    "deposed": [],
                    "provider": "provider.aws"
                },
                "aws_alb_listener.backend-services": {
                    "type": "aws_alb_listener",
                    "depends_on": [
                        "aws_alb.nalla-debug-alb",
                        "aws_alb_target_group.backend-services"
                    ],
                    "primary": {
                        "id": "arn:aws:elasticloadbalancing:us-east-2:671565055510:listener/app/nalla-debug-alb/cca36149ca61fcf0/4c1ff85be66a51bf",
                        "attributes": {
                            "arn": "arn:aws:elasticloadbalancing:us-east-2:671565055510:listener/app/nalla-debug-alb/cca36149ca61fcf0/4c1ff85be66a51bf",
                            "default_action.#": "1",
                            "default_action.0.target_group_arn": "arn:aws:elasticloadbalancing:us-east-2:671565055510:targetgroup/backend-services-tg/2afbb8e9aa69fe4f",
                            "default_action.0.type": "forward",
                            "id": "arn:aws:elasticloadbalancing:us-east-2:671565055510:listener/app/nalla-debug-alb/cca36149ca61fcf0/4c1ff85be66a51bf",
                            "load_balancer_arn": "arn:aws:elasticloadbalancing:us-east-2:671565055510:loadbalancer/app/nalla-debug-alb/cca36149ca61fcf0",
                            "port": "80",
                            "protocol": "HTTP",
                            "ssl_policy": ""
                        },
                        "meta": {},
                        "tainted": false
                    },
                    "deposed": [],
                    "provider": "provider.aws"
                },
                "aws_alb_listener_rule.backend-services": {
                    "type": "aws_alb_listener_rule",
                    "depends_on": [
                        "aws_alb_listener.backend-services",
                        "aws_alb_target_group.backend-services"
                    ],
                    "primary": {
                        "id": "arn:aws:elasticloadbalancing:us-east-2:671565055510:listener-rule/app/nalla-debug-alb/cca36149ca61fcf0/4c1ff85be66a51bf/82747633e474ce37",
                        "attributes": {
                            "action.#": "1",
                            "action.0.target_group_arn": "arn:aws:elasticloadbalancing:us-east-2:671565055510:targetgroup/backend-services-tg/2afbb8e9aa69fe4f",
                            "action.0.type": "forward",
                            "arn": "arn:aws:elasticloadbalancing:us-east-2:671565055510:listener-rule/app/nalla-debug-alb/cca36149ca61fcf0/4c1ff85be66a51bf/82747633e474ce37",
                            "condition.#": "1",
                            "condition.1606671873.field": "path-pattern",
                            "condition.1606671873.values.#": "1",
                            "condition.1606671873.values.0": "/",
                            "id": "arn:aws:elasticloadbalancing:us-east-2:671565055510:listener-rule/app/nalla-debug-alb/cca36149ca61fcf0/4c1ff85be66a51bf/82747633e474ce37",
                            "listener_arn": "arn:aws:elasticloadbalancing:us-east-2:671565055510:listener/app/nalla-debug-alb/cca36149ca61fcf0/4c1ff85be66a51bf",
                            "priority": "1"
                        },
                        "meta": {},
                        "tainted": false
                    },
                    "deposed": [],
                    "provider": "provider.aws"
                },
                "aws_alb_target_group.backend-services": {
                    "type": "aws_alb_target_group",
                    "depends_on": [],
                    "primary": {
                        "id": "arn:aws:elasticloadbalancing:us-east-2:671565055510:targetgroup/backend-services-tg/2afbb8e9aa69fe4f",
                        "attributes": {
                            "arn": "arn:aws:elasticloadbalancing:us-east-2:671565055510:targetgroup/backend-services-tg/2afbb8e9aa69fe4f",
                            "arn_suffix": "targetgroup/backend-services-tg/2afbb8e9aa69fe4f",
                            "deregistration_delay": "300",
                            "health_check.#": "1",
                            "health_check.0.healthy_threshold": "3",
                            "health_check.0.interval": "30",
                            "health_check.0.matcher": "200",
                            "health_check.0.path": "/healthcheck",
                            "health_check.0.port": "traffic-port",
                            "health_check.0.protocol": "HTTP",
                            "health_check.0.timeout": "5",
                            "health_check.0.unhealthy_threshold": "3",
                            "id": "arn:aws:elasticloadbalancing:us-east-2:671565055510:targetgroup/backend-services-tg/2afbb8e9aa69fe4f",
                            "name": "backend-services-tg",
                            "port": "80",
                            "protocol": "HTTP",
                            "proxy_protocol_v2": "false",
                            "slow_start": "30",
                            "stickiness.#": "1",
                            "stickiness.0.cookie_duration": "86400",
                            "stickiness.0.enabled": "false",
                            "stickiness.0.type": "lb_cookie",
                            "tags.%": "0",
                            "target_type": "instance",
                            "vpc_id": "vpc-e2b8b68b"
                        },
                        "meta": {},
                        "tainted": false
                    },
                    "deposed": [],
                    "provider": "provider.aws"
                },
                "aws_autoscaling_group.nallas-asg": {
                    "type": "aws_autoscaling_group",
                    "depends_on": [
                        "aws_alb_target_group.backend-services",
                        "aws_launch_configuration.asg"
                    ],
                    "primary": {
                        "id": "nallas-asg",
                        "attributes": {
                            "arn": "arn:aws:autoscaling:us-east-2:671565055510:autoScalingGroup:6f49d866-166e-48b9-88eb-e7c32c1f436b:autoScalingGroupName/nallas-asg",
                            "availability_zones.#": "3",
                            "availability_zones.1726430690": "us-east-2b",
                            "availability_zones.299896180": "us-east-2c",
                            "availability_zones.4293815384": "us-east-2a",
                            "default_cooldown": "300",
                            "desired_capacity": "3",
                            "enabled_metrics.#": "0",
                            "force_delete": "false",
                            "health_check_grace_period": "300",
                            "health_check_type": "ELB",
                            "id": "nallas-asg",
                            "launch_configuration": "backend-services-lc",
                            "launch_template.#": "0",
                            "load_balancers.#": "0",
                            "max_size": "4",
                            "metrics_granularity": "1Minute",
                            "min_size": "3",
                            "name": "nallas-asg",
                            "placement_group": "",
                            "protect_from_scale_in": "false",
                            "service_linked_role_arn": "arn:aws:iam::671565055510:role/aws-service-role/autoscaling.amazonaws.com/AWSServiceRoleForAutoScaling",
                            "suspended_processes.#": "0",
                            "tag.#": "0",
                            "target_group_arns.#": "1",
                            "target_group_arns.2705516047": "arn:aws:elasticloadbalancing:us-east-2:671565055510:targetgroup/backend-services-tg/2afbb8e9aa69fe4f",
                            "termination_policies.#": "0",
                            "vpc_zone_identifier.#": "3",
                            "vpc_zone_identifier.1268303517": "subnet-5fa1fd24",
                            "vpc_zone_identifier.1714234214": "subnet-9d6bf2d0",
                            "vpc_zone_identifier.2547517014": "subnet-215d4348",
                            "wait_for_capacity_timeout": "10m"
                        },
                        "meta": {
                            "e2bfb730-ecaa-11e6-8f88-34363bc7c4c0": {
                                "delete": 600000000000
                            }
                        },
                        "tainted": false
                    },
                    "deposed": [],
                    "provider": "provider.aws"
                },
                "aws_launch_configuration.asg": {
                    "type": "aws_launch_configuration",
                    "depends_on": [],
                    "primary": {
                        "id": "backend-services-lc",
                        "attributes": {
                            "associate_public_ip_address": "false",
                            "ebs_block_device.#": "0",
                            "ebs_optimized": "false",
                            "enable_monitoring": "true",
                            "ephemeral_block_device.#": "0",
                            "iam_instance_profile": "",
                            "id": "backend-services-lc",
                            "image_id": "ami-922914f7",
                            "instance_type": "t2.micro",
                            "key_name": "",
                            "name": "backend-services-lc",
                            "root_block_device.#": "0",
                            "security_groups.#": "1",
                            "security_groups.3169910619": "sg-4e2f4826",
                            "spot_price": "",
                            "vpc_classic_link_id": "",
                            "vpc_classic_link_security_groups.#": "0"
                        },
                        "meta": {},
                        "tainted": false
                    },
                    "deposed": [],
                    "provider": "provider.aws"
                }
            },
            "depends_on": []
        }
    ]
}
